
Microsoft Visual Studio Solution File, Format Version 12.00
# Visual Studio Version 16
VisualStudioVersion = 16.0.29609.76
MinimumVisualStudioVersion = 10.0.40219.1
Project("{FAE04EC0-301F-11D3-BF4B-00C04F79EFBC}") = "Litium", "ItemTemplate1\Litium.csproj", "{020BFB69-1675-463C-A91C-91FA1EE2679C}"
EndProject
Global
	GlobalSection(SolutionConfigurationPlatforms) = preSolution
		Debug|Any CPU = Debug|Any CPU
		Release|Any CPU = Release|Any CPU
	EndGlobalSection
	GlobalSection(ProjectConfigurationPlatforms) = postSolution
		{020BFB69-1675-463C-A91C-91FA1EE2679C}.Debug|Any CPU.ActiveCfg = Debug|Any CPU
		{020BFB69-1675-463C-A91C-91FA1EE2679C}.Debug|Any CPU.Build.0 = Debug|Any CPU
		{020BFB69-1675-463C-A91C-91FA1EE2679C}.Release|Any CPU.ActiveCfg = Release|Any CPU
		{020BFB69-1675-463C-A91C-91FA1EE2679C}.Release|Any CPU.Build.0 = Release|Any CPU
	EndGlobalSection
	GlobalSection(SolutionProperties) = preSolution
		HideSolutionNode = FALSE
	EndGlobalSection
	GlobalSection(ExtensibilityGlobals) = postSolution
		SolutionGuid = {550B1212-FD99-449A-8550-8B0B743C21F7}
	EndGlobalSection
EndGlobal
